
Microsoft Visual Studio Solution File, Format Version 12.00
# Visual Studio Version 17
VisualStudioVersion = 17.3.32929.385
MinimumVisualStudioVersion = 10.0.40219.1
Project("{FAE04EC0-301F-11D3-BF4B-00C04F79EFBC}") = "Media Player", "Media Player.csproj", "{03649983-A50F-44AC-8951-F3601CF04A4D}"
EndProject
Global
	GlobalSection(SolutionConfigurationPlatforms) = preSolution
		Debug|Any CPU = Debug|Any CPU
		Release|Any CPU = Release|Any CPU
	EndGlobalSection
	GlobalSection(ProjectConfigurationPlatforms) = postSolution
		{03649983-A50F-44AC-8951-F3601CF04A4D}.Debug|Any CPU.ActiveCfg = Debug|Any CPU
		{03649983-A50F-44AC-8951-F3601CF04A4D}.Debug|Any CPU.Build.0 = Debug|Any CPU
		{03649983-A50F-44AC-8951-F3601CF04A4D}.Release|Any CPU.ActiveCfg = Release|Any CPU
		{03649983-A50F-44AC-8951-F3601CF04A4D}.Release|Any CPU.Build.0 = Release|Any CPU
	EndGlobalSection
	GlobalSection(SolutionProperties) = preSolution
		HideSolutionNode = FALSE
	EndGlobalSection
	GlobalSection(ExtensibilityGlobals) = postSolution
		SolutionGuid = {895A2E60-67B9-4D52-9B9B-2F3C49417D6C}
	EndGlobalSection
EndGlobal
